
Microsoft Visual Studio Solution File, Format Version 12.00
# Visual Studio Version 17
VisualStudioVersion = 17.1.32421.90
MinimumVisualStudioVersion = 10.0.40219.1
Project("{FAE04EC0-301F-11D3-BF4B-00C04F79EFBC}") = "KørselsLog", "KørselsLog\KørselsLog.csproj", "{87C796CE-F794-4226-A371-863711100BCF}"
EndProject
Global
	GlobalSection(SolutionConfigurationPlatforms) = preSolution
		Debug|Any CPU = Debug|Any CPU
		Release|Any CPU = Release|Any CPU
	EndGlobalSection
	GlobalSection(ProjectConfigurationPlatforms) = postSolution
		{87C796CE-F794-4226-A371-863711100BCF}.Debug|Any CPU.ActiveCfg = Debug|Any CPU
		{87C796CE-F794-4226-A371-863711100BCF}.Debug|Any CPU.Build.0 = Debug|Any CPU
		{87C796CE-F794-4226-A371-863711100BCF}.Release|Any CPU.ActiveCfg = Release|Any CPU
		{87C796CE-F794-4226-A371-863711100BCF}.Release|Any CPU.Build.0 = Release|Any CPU
	EndGlobalSection
	GlobalSection(SolutionProperties) = preSolution
		HideSolutionNode = FALSE
	EndGlobalSection
	GlobalSection(ExtensibilityGlobals) = postSolution
		SolutionGuid = {55347DCD-82B7-4302-83A8-AF0A221A0B7B}
	EndGlobalSection
EndGlobal
